// !$*UTF8*$!
{
	archiveVersion = 1;
	classes = {
	};
	objectVersion = 46;
	objects = {
		5E618435888B9D49F8540165 = {
			buildActionMask = 2147483647;
			files = (
				);
			isa = PBXShellScriptBuildPhase;
			runOnlyForDeploymentPostprocessing = 0;
			name = "Qt Qmake";
			shellPath = "/bin/sh";
			shellScript = "make -C /Users/johndpope/Documents/gitWorkspace/pixelstruct/ -f pixelstruct.xcodeproj/qt_makeqmake.mak";
			showEnvVarsInLog = "0";
		};
		0AA2E2F79A2C977C41545B2C = {
			isa = PBXFileReference;
			path = "/Users/johndpope/Documents/gitWorkspace/pixelstruct/src/main.cpp";
			name = "main.cpp";
			sourceTree = "<absolute>";
			lastKnownFileType = "sourcecode.cpp.cpp";
		};
		7374FFFC0B43978B561A7C0E = {
			fileRef = "0AA2E2F79A2C977C41545B2C";
			isa = PBXBuildFile;
			settings = {
				ATTRIBUTES = (
					);
			};
		};
		F39C324F11AD9E8BF6EED366 = {
			isa = PBXFileReference;
			path = "/Users/johndpope/Documents/gitWorkspace/pixelstruct/src/glwidget.cpp";
			name = "glwidget.cpp";
			sourceTree = "<absolute>";
			lastKnownFileType = "sourcecode.cpp.cpp";
		};
		054FF7D135F1B7A17C97FEA4 = {
			fileRef = "F39C324F11AD9E8BF6EED366";
			isa = PBXBuildFile;
			settings = {
				ATTRIBUTES = (
					);
			};
		};
		344D574E9C7A30255950452D = {
			isa = PBXFileReference;
			path = "/Users/johndpope/Documents/gitWorkspace/pixelstruct/src/camera.cpp";
			name = "camera.cpp";
			sourceTree = "<absolute>";
			lastKnownFileType = "sourcecode.cpp.cpp";
		};
		D7D87B1BF8F12611A5A1C312 = {
			fileRef = "344D574E9C7A30255950452D";
			isa = PBXBuildFile;
			settings = {
				ATTRIBUTES = (
					);
			};
		};
		3DDA08F275ECFF3CA2297D7B = {
			isa = PBXFileReference;
			path = "/Users/johndpope/Documents/gitWorkspace/pixelstruct/src/point.cpp";
			name = "point.cpp";
			sourceTree = "<absolute>";
			lastKnownFileType = "sourcecode.cpp.cpp";
		};
		B8E067FD3873CBCCD820BBB1 = {
			fileRef = "3DDA08F275ECFF3CA2297D7B";
			isa = PBXBuildFile;
			settings = {
				ATTRIBUTES = (
					);
			};
		};
		F13E84F5E15939D6BEBDC24E = {
			isa = PBXFileReference;
			path = "/Users/johndpope/Documents/gitWorkspace/pixelstruct/src/bundleparser.cpp";
			name = "bundleparser.cpp";
			sourceTree = "<absolute>";
			lastKnownFileType = "sourcecode.cpp.cpp";
		};
		A3E1BD03B1F43F5E812DFD26 = {
			fileRef = "F13E84F5E15939D6BEBDC24E";
			isa = PBXBuildFile;
			settings = {
				ATTRIBUTES = (
					);
			};
		};
		D158BD56B5C23856C04255E2 = {
			isa = PBXFileReference;
			path = "/Users/johndpope/Documents/gitWorkspace/pixelstruct/src/visiblepoint.cpp";
			name = "visiblepoint.cpp";
			sourceTree = "<absolute>";
			lastKnownFileType = "sourcecode.cpp.cpp";
		};
		B07B2E098C1D33824163B131 = {
			fileRef = "D158BD56B5C23856C04255E2";
			isa = PBXBuildFile;
			settings = {
				ATTRIBUTES = (
					);
			};
		};
		D652BF7204B0EB72EFF42937 = {
			isa = PBXFileReference;
			path = "/Users/johndpope/Documents/gitWorkspace/pixelstruct/src/mainwindow.cpp";
			name = "mainwindow.cpp";
			sourceTree = "<absolute>";
			lastKnownFileType = "sourcecode.cpp.cpp";
		};
		3A826AF798F6D36D055C056E = {
			fileRef = "D652BF7204B0EB72EFF42937";
			isa = PBXBuildFile;
			settings = {
				ATTRIBUTES = (
					);
			};
		};
		4FC938372752DF64CD5C9A52 = {
			isa = PBXFileReference;
			path = "/Users/johndpope/Documents/gitWorkspace/pixelstruct/src/imagelist.cpp";
			name = "imagelist.cpp";
			sourceTree = "<absolute>";
			lastKnownFileType = "sourcecode.cpp.cpp";
		};
		2F07B5F5B4068C79A52C6A50 = {
			fileRef = "4FC938372752DF64CD5C9A52";
			isa = PBXBuildFile;
			settings = {
				ATTRIBUTES = (
					);
			};
		};
		304E51A2D10DC45354D3AEEA = {
			isa = PBXFileReference;
			path = "/Users/johndpope/Documents/gitWorkspace/pixelstruct/src/plane.cpp";
			name = "plane.cpp";
			sourceTree = "<absolute>";
			lastKnownFileType = "sourcecode.cpp.cpp";
		};
		18D8641EAA06CD0E34DFF653 = {
			fileRef = "304E51A2D10DC45354D3AEEA";
			isa = PBXBuildFile;
			settings = {
				ATTRIBUTES = (
					);
			};
		};
		8BC738E6C4DC701CA2BC6301 = {
			isa = PBXFileReference;
			path = "/Users/johndpope/Documents/gitWorkspace/pixelstruct/src/commonplane.cpp";
			name = "commonplane.cpp";
			sourceTree = "<absolute>";
			lastKnownFileType = "sourcecode.cpp.cpp";
		};
		2E6717D3C0E552CB34A849B0 = {
			fileRef = "8BC738E6C4DC701CA2BC6301";
			isa = PBXBuildFile;
			settings = {
				ATTRIBUTES = (
					);
			};
		};
		76E451340B740FED2DE232D9 = {
			isa = PBXFileReference;
			path = "/Users/johndpope/Documents/gitWorkspace/pixelstruct/src/triangulation.cpp";
			name = "triangulation.cpp";
			sourceTree = "<absolute>";
			lastKnownFileType = "sourcecode.cpp.cpp";
		};
		D2488B86B8C7A3EB5EC752FD = {
			fileRef = "76E451340B740FED2DE232D9";
			isa = PBXBuildFile;
			settings = {
				ATTRIBUTES = (
					);
			};
		};
		57CC23E545792B4170530DC6 = {
			isa = PBXFileReference;
			path = "/Users/johndpope/Documents/gitWorkspace/pixelstruct/src/photo.cpp";
			name = "photo.cpp";
			sourceTree = "<absolute>";
			lastKnownFileType = "sourcecode.cpp.cpp";
		};
		9CAF4802D6BFCAD9A1CFC972 = {
			fileRef = "57CC23E545792B4170530DC6";
			isa = PBXBuildFile;
			settings = {
				ATTRIBUTES = (
					);
			};
		};
		C5B88D10E28DEB6A6432D88B = {
			isa = PBXFileReference;
			path = "/Users/johndpope/Documents/gitWorkspace/pixelstruct/moc_glwidget.cpp";
			name = "moc_glwidget.cpp";
			sourceTree = "<absolute>";
			lastKnownFileType = "sourcecode.cpp.cpp";
		};
		342676BA7E5C564DAEBF54C3 = {
			fileRef = "C5B88D10E28DEB6A6432D88B";
			isa = PBXBuildFile;
			settings = {
				ATTRIBUTES = (
					);
			};
		};
		CD3E31D06F91445E55377BF8 = {
			isa = PBXFileReference;
			path = "/Users/johndpope/Documents/gitWorkspace/pixelstruct/moc_mainwindow.cpp";
			name = "moc_mainwindow.cpp";
			sourceTree = "<absolute>";
			lastKnownFileType = "sourcecode.cpp.cpp";
		};
		24E3ADC9A53874EF9A2FC867 = {
			fileRef = "CD3E31D06F91445E55377BF8";
			isa = PBXBuildFile;
			settings = {
				ATTRIBUTES = (
					);
			};
		};
		D86576FE4F1F92398EC8DE54 = {
			isa = PBXFileReference;
			path = "/Users/johndpope/Documents/gitWorkspace/pixelstruct/src/glwidget.h";
			name = "glwidget.h";
			sourceTree = "<absolute>";
			lastKnownFileType = "sourcecode.c.h";
		};
		8BC2659665535B4AD3704356 = {
			isa = PBXFileReference;
			path = "/Users/johndpope/Documents/gitWorkspace/pixelstruct/src/camera.h";
			name = "camera.h";
			sourceTree = "<absolute>";
			lastKnownFileType = "sourcecode.c.h";
		};
		62191CB27328A893DEF54CA3 = {
			isa = PBXFileReference;
			path = "/Users/johndpope/Documents/gitWorkspace/pixelstruct/src/point.h";
			name = "point.h";
			sourceTree = "<absolute>";
			lastKnownFileType = "sourcecode.c.h";
		};
		4EF0A221311D2881EEE0921A = {
			isa = PBXFileReference;
			path = "/Users/johndpope/Documents/gitWorkspace/pixelstruct/src/bundleparser.h";
			name = "bundleparser.h";
			sourceTree = "<absolute>";
			lastKnownFileType = "sourcecode.c.h";
		};
		22DC0A9E350B6AA41FBD9592 = {
			isa = PBXFileReference;
			path = "/Users/johndpope/Documents/gitWorkspace/pixelstruct/src/visiblepoint.h";
			name = "visiblepoint.h";
			sourceTree = "<absolute>";
			lastKnownFileType = "sourcecode.c.h";
		};
		8404F1587610AA573007BCED = {
			isa = PBXFileReference;
			path = "/Users/johndpope/Documents/gitWorkspace/pixelstruct/src/mainwindow.h";
			name = "mainwindow.h";
			sourceTree = "<absolute>";
			lastKnownFileType = "sourcecode.c.h";
		};
		2F88EE9D5990ECEC16771654 = {
			isa = PBXFileReference;
			path = "/Users/johndpope/Documents/gitWorkspace/pixelstruct/src/imagelist.h";
			name = "imagelist.h";
			sourceTree = "<absolute>";
			lastKnownFileType = "sourcecode.c.h";
		};
		ADCBA8CF88C7830680D45EF6 = {
			isa = PBXFileReference;
			path = "/Users/johndpope/Documents/gitWorkspace/pixelstruct/src/plane.h";
			name = "plane.h";
			sourceTree = "<absolute>";
			lastKnownFileType = "sourcecode.c.h";
		};
		4B2914CDFDDBEEFCF147A8C8 = {
			isa = PBXFileReference;
			path = "/Users/johndpope/Documents/gitWorkspace/pixelstruct/src/commonplane.h";
			name = "commonplane.h";
			sourceTree = "<absolute>";
			lastKnownFileType = "sourcecode.c.h";
		};
		37D170152939C99B2661C042 = {
			isa = PBXFileReference;
			path = "/Users/johndpope/Documents/gitWorkspace/pixelstruct/src/triangulation.h";
			name = "triangulation.h";
			sourceTree = "<absolute>";
			lastKnownFileType = "sourcecode.c.h";
		};
		30B06180F90CCD31B47EF445 = {
			isa = PBXFileReference;
			path = "/Users/johndpope/Documents/gitWorkspace/pixelstruct/src/photo.h";
			name = "photo.h";
			sourceTree = "<absolute>";
			lastKnownFileType = "sourcecode.c.h";
		};
		2235A29B091BEF4A62FC07FD = {
			isa = PBXFileReference;
			path = "/Users/johndpope/Documents/gitWorkspace/pixelstruct/pixelstruct.pro";
			name = "pixelstruct.pro";
			sourceTree = "<absolute>";
			lastKnownFileType = "text";
		};
		3C50C9BB5ABCF4E8136FB0E0 = {
			isa = PBXFileReference;
			path = "/Users/johndpope/Documents/gitWorkspace/pixelstruct/.qmake.stash";
			name = ".qmake.stash";
			sourceTree = "<absolute>";
		};
		25B08E2869634E9BCBA333A2 = {
			isa = PBXGroup;
			children = (
				"C5B88D10E28DEB6A6432D88B",
				"CD3E31D06F91445E55377BF8");
			name = "Generated Sources";
			sourceTree = "<group>";
		};
		921315FAA7F261D737F4F4C7 = {
			isa = PBXGroup;
			children = (
				"0AA2E2F79A2C977C41545B2C",
				"F39C324F11AD9E8BF6EED366",
				"344D574E9C7A30255950452D",
				"3DDA08F275ECFF3CA2297D7B",
				"F13E84F5E15939D6BEBDC24E",
				"D158BD56B5C23856C04255E2",
				"D652BF7204B0EB72EFF42937",
				"4FC938372752DF64CD5C9A52",
				"304E51A2D10DC45354D3AEEA",
				"8BC738E6C4DC701CA2BC6301",
				"76E451340B740FED2DE232D9",
				"57CC23E545792B4170530DC6",
				"D86576FE4F1F92398EC8DE54",
				"8BC2659665535B4AD3704356",
				"62191CB27328A893DEF54CA3",
				"4EF0A221311D2881EEE0921A",
				"22DC0A9E350B6AA41FBD9592",
				"8404F1587610AA573007BCED",
				"2F88EE9D5990ECEC16771654",
				"ADCBA8CF88C7830680D45EF6",
				"4B2914CDFDDBEEFCF147A8C8",
				"37D170152939C99B2661C042",
				"30B06180F90CCD31B47EF445");
			name = "src";
			sourceTree = "<group>";
		};
		2EB56BE3C2D93CDAB0C52E67 = {
			isa = PBXGroup;
			children = (
				"921315FAA7F261D737F4F4C7");
			name = "Sources";
			sourceTree = "<group>";
		};
		74B182DB50CB5611B5C1C297 = {
			isa = PBXGroup;
			children = (
				"2235A29B091BEF4A62FC07FD",
				"3C50C9BB5ABCF4E8136FB0E0");
			name = "Supporting Files";
			sourceTree = "<group>";
		};
		7EF0942E79C014DCEC8976BC = {
			buildActionMask = 2147483647;
			files = (
				);
			isa = PBXShellScriptBuildPhase;
			runOnlyForDeploymentPostprocessing = 0;
			name = "Qt Preprocessors";
			shellPath = "/bin/sh";
			shellScript = "make -C /Users/johndpope/Documents/gitWorkspace/pixelstruct/ -f pixelstruct.xcodeproj/qt_preprocess.mak";
			showEnvVarsInLog = "0";
		};
		F7E50F631C51CD5B5DC0BC43 = {
			buildActionMask = 2147483647;
			files = (
				"7374FFFC0B43978B561A7C0E",
				"054FF7D135F1B7A17C97FEA4",
				"D7D87B1BF8F12611A5A1C312",
				"B8E067FD3873CBCCD820BBB1",
				"A3E1BD03B1F43F5E812DFD26",
				"B07B2E098C1D33824163B131",
				"3A826AF798F6D36D055C056E",
				"2F07B5F5B4068C79A52C6A50",
				"18D8641EAA06CD0E34DFF653",
				"2E6717D3C0E552CB34A849B0",
				"D2488B86B8C7A3EB5EC752FD",
				"9CAF4802D6BFCAD9A1CFC972",
				"342676BA7E5C564DAEBF54C3",
				"24E3ADC9A53874EF9A2FC867");
			isa = PBXSourcesBuildPhase;
			runOnlyForDeploymentPostprocessing = 0;
			name = "Compile Sources";
		};
		A1A67BEAA744704B29168D39 = {
			isa = PBXFileReference;
			name = "IOKit.framework";
			path = "/System/Library/Frameworks/IOKit.framework";
			refType = 0;
			sourceTree = "<absolute>";
			lastKnownFileType = "wrapper.framework";
		};
		8D267F2E4776F0ECA2F49DC8 = {
			fileRef = "A1A67BEAA744704B29168D39";
			isa = PBXBuildFile;
			settings = {
			};
		};
		4D765E1B1EA6C757220C63E7 = {
			isa = PBXFileReference;
			name = "CoreFoundation.framework";
			path = "/System/Library/Frameworks/CoreFoundation.framework";
			refType = 0;
			sourceTree = "<absolute>";
			lastKnownFileType = "wrapper.framework";
		};
		F8B465CE34D8DF87AAE95913 = {
			fileRef = "4D765E1B1EA6C757220C63E7";
			isa = PBXBuildFile;
			settings = {
			};
		};
		45975E62F7A85151AAA83765 = {
			isa = PBXFileReference;
			name = "CGAL";
			path = "/../opt/local/lib/libCGAL.dylib";
			refType = 0;
			sourceTree = "<absolute>";
		};
		D18A0D21645BC1D0B3C634E0 = {
			fileRef = "45975E62F7A85151AAA83765";
			isa = PBXBuildFile;
			settings = {
			};
		};
		3B70DBC3969A0816AA4DB7AF = {
			isa = PBXFileReference;
			name = "CGAL_ImageIO";
			path = "/../opt/local/lib/libCGAL_ImageIO.dylib";
			refType = 0;
			sourceTree = "<absolute>";
		};
		972A27B85668D435B009DE9C = {
			fileRef = "3B70DBC3969A0816AA4DB7AF";
			isa = PBXBuildFile;
			settings = {
			};
		};
		7FF369EF2035C4420AAA8D94 = {
			isa = PBXFileReference;
			name = "boost_thread-mt";
			path = "/../opt/local/lib/libboost_thread-mt.dylib";
			refType = 0;
			sourceTree = "<absolute>";
		};
		E7D5B92101161EF32FD71B8B = {
			fileRef = "7FF369EF2035C4420AAA8D94";
			isa = PBXBuildFile;
			settings = {
			};
		};
		0E1A1EDE11868FB6FBF32756 = {
			isa = PBXFileReference;
			name = "boost_system-mt";
			path = "/../opt/local/lib/libboost_system-mt.dylib";
			refType = 0;
			sourceTree = "<absolute>";
		};
		C22D5223C96FAF0670BD9170 = {
			fileRef = "0E1A1EDE11868FB6FBF32756";
			isa = PBXBuildFile;
			settings = {
			};
		};
		7ADFF16071B5EE7FB36B2B88 = {
			isa = PBXFileReference;
			name = "gmp";
			path = "/../opt/local/lib/libgmp.dylib";
			refType = 0;
			sourceTree = "<absolute>";
		};
		8620C140897F133DF5AE73A1 = {
			fileRef = "7ADFF16071B5EE7FB36B2B88";
			isa = PBXBuildFile;
			settings = {
			};
		};
		8ACDE5939F154A6D8FDC15B0 = {
			isa = PBXFileReference;
			name = "mpfr";
			path = "/../opt/local/lib/libmpfr.dylib";
			refType = 0;
			sourceTree = "<absolute>";
		};
		B6ED4E052F2FA6E216501C37 = {
			fileRef = "8ACDE5939F154A6D8FDC15B0";
			isa = PBXBuildFile;
			settings = {
			};
		};
		D9B0FF2AB0FE2F49EBF9AE99 = {
			isa = PBXFileReference;
			name = "QtOpenGL.framework";
			path = "/usr/local/Cellar/qt5/5.7.0/lib/QtOpenGL.framework";
			refType = 0;
			sourceTree = "<absolute>";
			lastKnownFileType = "wrapper.framework";
		};
		3F36ECC4AC8A91054018DBF9 = {
			fileRef = "D9B0FF2AB0FE2F49EBF9AE99";
			isa = PBXBuildFile;
			settings = {
			};
		};
		17DDAFE5E52515581D095F18 = {
			isa = PBXFileReference;
			name = "QtWidgets.framework";
			path = "/usr/local/Cellar/qt5/5.7.0/lib/QtWidgets.framework";
			refType = 0;
			sourceTree = "<absolute>";
			lastKnownFileType = "wrapper.framework";
		};
		B1FD449BA9A24D8FBFD6B918 = {
			fileRef = "17DDAFE5E52515581D095F18";
			isa = PBXBuildFile;
			settings = {
			};
		};
		CD829298CA2038092A51A0F6 = {
			isa = PBXFileReference;
			name = "QtGui.framework";
			path = "/usr/local/Cellar/qt5/5.7.0/lib/QtGui.framework";
			refType = 0;
			sourceTree = "<absolute>";
			lastKnownFileType = "wrapper.framework";
		};
		7B61C92B0D756FD9703B0C41 = {
			fileRef = "CD829298CA2038092A51A0F6";
			isa = PBXBuildFile;
			settings = {
			};
		};
		820A25BF0A1A2242F14E2A0A = {
			isa = PBXFileReference;
			name = "QtCore.framework";
			path = "/usr/local/Cellar/qt5/5.7.0/lib/QtCore.framework";
			refType = 0;
			sourceTree = "<absolute>";
			lastKnownFileType = "wrapper.framework";
		};
		E8CEE9A2D81662520C72B099 = {
			fileRef = "820A25BF0A1A2242F14E2A0A";
			isa = PBXBuildFile;
			settings = {
			};
		};
		2B774D8E4178765CE52EAAF5 = {
			isa = PBXFileReference;
			name = "DiskArbitration.framework";
			path = "/System/Library/Frameworks/DiskArbitration.framework";
			refType = 0;
			sourceTree = "<absolute>";
			lastKnownFileType = "wrapper.framework";
		};
		A99B2AA0F9CBBDD12BA126A4 = {
			fileRef = "2B774D8E4178765CE52EAAF5";
			isa = PBXBuildFile;
			settings = {
			};
		};
		D4B32C2222F82AC56BADEB21 = {
			isa = PBXFileReference;
			name = "OpenGL.framework";
			path = "/System/Library/Frameworks/OpenGL.framework";
			refType = 0;
			sourceTree = "<absolute>";
			lastKnownFileType = "wrapper.framework";
		};
		8771A8C96E9C391044035D99 = {
			fileRef = "D4B32C2222F82AC56BADEB21";
			isa = PBXBuildFile;
			settings = {
			};
		};
		8D9815BDB5BD9F90D2BC05C5 = {
			isa = PBXFileReference;
			name = "AGL.framework";
			path = "/System/Library/Frameworks/AGL.framework";
			refType = 0;
			sourceTree = "<absolute>";
			lastKnownFileType = "wrapper.framework";
		};
		E45E51A644D5FC9F942ECE55 = {
			fileRef = "8D9815BDB5BD9F90D2BC05C5";
			isa = PBXBuildFile;
			settings = {
			};
		};
		AF39DD055C3EF8226FBE929D = {
			children = (
				"A1A67BEAA744704B29168D39",
				"4D765E1B1EA6C757220C63E7",
				"45975E62F7A85151AAA83765",
				"3B70DBC3969A0816AA4DB7AF",
				"7FF369EF2035C4420AAA8D94",
				"0E1A1EDE11868FB6FBF32756",
				"7ADFF16071B5EE7FB36B2B88",
				"8ACDE5939F154A6D8FDC15B0",
				"D9B0FF2AB0FE2F49EBF9AE99",
				"17DDAFE5E52515581D095F18",
				"CD829298CA2038092A51A0F6",
				"820A25BF0A1A2242F14E2A0A",
				"2B774D8E4178765CE52EAAF5",
				"D4B32C2222F82AC56BADEB21",
				"8D9815BDB5BD9F90D2BC05C5");
			isa = PBXGroup;
			name = "Frameworks";
			sourceTree = "<group>";
		};
		D1C883685E82D5676953459A = {
			buildActionMask = 2147483647;
			files = (
				"8D267F2E4776F0ECA2F49DC8",
				"F8B465CE34D8DF87AAE95913",
				"D18A0D21645BC1D0B3C634E0",
				"972A27B85668D435B009DE9C",
				"E7D5B92101161EF32FD71B8B",
				"C22D5223C96FAF0670BD9170",
				"8620C140897F133DF5AE73A1",
				"B6ED4E052F2FA6E216501C37",
				"3F36ECC4AC8A91054018DBF9",
				"B1FD449BA9A24D8FBFD6B918",
				"7B61C92B0D756FD9703B0C41",
				"E8CEE9A2D81662520C72B099",
				"A99B2AA0F9CBBDD12BA126A4",
				"8771A8C96E9C391044035D99",
				"E45E51A644D5FC9F942ECE55");
			isa = PBXFrameworksBuildPhase;
			runOnlyForDeploymentPostprocessing = 0;
			name = "Link Binary With Libraries";
		};
		30414803F31797EB689AE508 = {
			buildActionMask = 2147483647;
			files = (
				);
			isa = PBXResourcesBuildPhase;
			runOnlyForDeploymentPostprocessing = 0;
			name = "Copy Bundle Resources";
		};
		25CAA7D943686AEB9A38063A = {
			isa = PBXFileReference;
			includeInIndex = 0;
			explicitFileType = "wrapper.application";
			path = "pixelstruct.app";
			sourceTree = BUILT_PRODUCTS_DIR;
		};
		FE0A091FDBFB3E9C31B7A1BD = {
			children = (
				"25CAA7D943686AEB9A38063A");
			isa = PBXGroup;
			name = "Products";
			sourceTree = "<group>";
		};
		E8C543AB96796ECAA2E65C57 = {
			children = (
				"2EB56BE3C2D93CDAB0C52E67",
				"25B08E2869634E9BCBA333A2",
				"74B182DB50CB5611B5C1C297",
				"AF39DD055C3EF8226FBE929D",
				"FE0A091FDBFB3E9C31B7A1BD");
			isa = PBXGroup;
			name = "pixelstruct";
			sourceTree = "<group>";
		};
		4267DCFDD5C3244DD3593F6E = {
			buildPhases = (
				"5E618435888B9D49F8540165",
				"7EF0942E79C014DCEC8976BC");
			dependencies = (
				);
			buildConfigurationList = 6CC3B5D2136C7CD6A5CF5A59;
			isa = PBXAggregateTarget;
			buildRules = (
);
			productName = "Qt Preprocess";
			name = "Qt Preprocess";
		};
		539870FE76269A09B3A57592 = {
			isa = PBXTargetDependency;
			target = "4267DCFDD5C3244DD3593F6E";
		};
		BE97EB8105F13AE92AACFFE0 = {
			buildPhases = (
				"F7E50F631C51CD5B5DC0BC43",
				"D1C883685E82D5676953459A",
				"30414803F31797EB689AE508");
			dependencies = (
				"539870FE76269A09B3A57592");
			productReference = "25CAA7D943686AEB9A38063A";
			buildConfigurationList = 6CC3B5D2136C7CD6A5CF5A59;
			isa = PBXNativeTarget;
			buildRules = (
);
			productType = "com.apple.product-type.application";
			name = "pixelstruct";
			productName = "pixelstruct";
		};
		3AA6C32AC930069E80220CF1 = {
			isa = XCBuildConfiguration;
			buildSettings = {
				COPY_PHASE_STRIP = "NO";
				ENABLE_BITCODE = "NO";
				GCC_GENERATE_DEBUGGING_SYMBOLS = "YES";
				GCC_OPTIMIZATION_LEVEL = "0";
				PRODUCT_NAME = "pixelstruct";
				QT_LIBRARY_SUFFIX = "";
				SDKROOT = "macosx";
				GCC_VERSION = com.apple.compilers.llvm.clang.1_0;
				CC = "/Applications/Xcode-beta.app/Contents/Developer/Toolchains/XcodeDefault.xctoolchain/usr/bin/clang";
				LDPLUSPLUS = "/Applications/Xcode-beta.app/Contents/Developer/Toolchains/XcodeDefault.xctoolchain/usr/bin/clang++";
				INFOPLIST_FILE = "Info.plist";
				SYMROOT = "/Users/johndpope/Documents/gitWorkspace/pixelstruct/";
				DYLIB_CURRENT_VERSION = "1.0.0";
				DYLIB_COMPATIBILITY_VERSION = "1.0";
				MACOSX_DEPLOYMENT_TARGET = "10.8";
				HEADER_SEARCH_PATHS = (
					".",
					"/usr/local/include",
					"/../opt/local/include",
					"/../opt/local/include",
					"/../opt/local/include",
					"/../opt/local/include",
					"/../opt/local/include",
					"/../opt/local/include",
					"/../opt/local/include",
					"/usr/local/Cellar/qt5/5.7.0/lib/QtOpenGL.framework/Headers",
					"/usr/local/Cellar/qt5/5.7.0/lib/QtWidgets.framework/Headers",
					"/usr/local/Cellar/qt5/5.7.0/lib/QtGui.framework/Headers",
					"/usr/local/Cellar/qt5/5.7.0/lib/QtCore.framework/Headers",
					".",
					"/Applications/Xcode-beta.app/Contents/Developer/Platforms/MacOSX.platform/Developer/SDKs/MacOSX10.12.sdk/System/Library/Frameworks/OpenGL.framework/Headers",
					"/Applications/Xcode-beta.app/Contents/Developer/Platforms/MacOSX.platform/Developer/SDKs/MacOSX10.12.sdk/System/Library/Frameworks/AGL.framework/Headers",
					"/usr/local/Cellar/qt5/5.7.0/mkspecs/macx-clang");
				LIBRARY_SEARCH_PATHS = (
					"/System/Library/Frameworks/",
					"/Users/johndpope/Documents/gitWorkspace/pixelstruct/../../../../../../opt/local/lib/",
					"/../opt/local/lib/",
					"/usr/local/Cellar/qt5/5.7.0/lib");
				FRAMEWORK_SEARCH_PATHS = (
					"/usr/local/Cellar/qt5/5.7.0/lib",
					"/usr/local/Cellar/qt5/5.7.0/lib");
				OTHER_CFLAGS = (
					"-pipe",
					"-O2",
					"-Wall",
					"-W",
					"-fPIC",
					"-DQT_NO_DEBUG",
					"-DQT_OPENGL_LIB",
					"-DQT_WIDGETS_LIB",
					"-DQT_GUI_LIB",
					"-DQT_CORE_LIB");
				OTHER_CPLUSPLUSFLAGS = (
					"-pipe",
					"-stdlib=libc++",
					"-O2",
					"-std=gnu++11",
					"-Wall",
					"-W",
					"-fPIC",
					"-DQT_NO_DEBUG",
					"-DQT_OPENGL_LIB",
					"-DQT_WIDGETS_LIB",
					"-DQT_GUI_LIB",
					"-DQT_CORE_LIB");
				OTHER_LDFLAGS = (
						"-headerpad_max_install_names",
						"-stdlib=libc++",
						"-F",
						"/System/Library/Frameworks",
						"-F",
						"/System/Library/Frameworks/IOKit.framework",
						"-F",
						"/System/Library/Frameworks/CoreFoundation.framework",
						"-F/usr/local/Cellar/qt5/5.7.0/lib",
						"-L/Users/johndpope/Documents/gitWorkspace/pixelstruct/../../../../../../opt/local/lib/");
				ARCHS = "x86_64";
			};
			name = "Debug";
		};
		77418F46922677BB04ED38DD = {
			isa = XCBuildConfiguration;
			buildSettings = {
				COPY_PHASE_STRIP = "NO";
				ENABLE_BITCODE = "NO";
				GCC_GENERATE_DEBUGGING_SYMBOLS = "YES";
				GCC_OPTIMIZATION_LEVEL = "0";
				PRODUCT_NAME = "pixelstruct";
				QT_LIBRARY_SUFFIX = "";
				SDKROOT = "macosx";
				PRODUCT_NAME = "pixelstruct";
			};
			name = "Debug";
		};
		339EE1B2CC4FC24589A0EA95 = {
			isa = XCBuildConfiguration;
			buildSettings = {
				COPY_PHASE_STRIP = "YES";
				ENABLE_BITCODE = "NO";
				GCC_GENERATE_DEBUGGING_SYMBOLS = "NO";
				PRODUCT_NAME = "pixelstruct";
				QT_LIBRARY_SUFFIX = "";
				SDKROOT = "macosx";
				GCC_VERSION = com.apple.compilers.llvm.clang.1_0;
				CC = "/Applications/Xcode-beta.app/Contents/Developer/Toolchains/XcodeDefault.xctoolchain/usr/bin/clang";
				LDPLUSPLUS = "/Applications/Xcode-beta.app/Contents/Developer/Toolchains/XcodeDefault.xctoolchain/usr/bin/clang++";
				INFOPLIST_FILE = "Info.plist";
				SYMROOT = "/Users/johndpope/Documents/gitWorkspace/pixelstruct/";
				DYLIB_CURRENT_VERSION = "1.0.0";
				DYLIB_COMPATIBILITY_VERSION = "1.0";
				MACOSX_DEPLOYMENT_TARGET = "10.8";
				HEADER_SEARCH_PATHS = (
					".",
					"/usr/local/include",
					"/../opt/local/include",
					"/../opt/local/include",
					"/../opt/local/include",
					"/../opt/local/include",
					"/../opt/local/include",
					"/../opt/local/include",
					"/../opt/local/include",
					"/usr/local/Cellar/qt5/5.7.0/lib/QtOpenGL.framework/Headers",
					"/usr/local/Cellar/qt5/5.7.0/lib/QtWidgets.framework/Headers",
					"/usr/local/Cellar/qt5/5.7.0/lib/QtGui.framework/Headers",
					"/usr/local/Cellar/qt5/5.7.0/lib/QtCore.framework/Headers",
					".",
					"/Applications/Xcode-beta.app/Contents/Developer/Platforms/MacOSX.platform/Developer/SDKs/MacOSX10.12.sdk/System/Library/Frameworks/OpenGL.framework/Headers",
					"/Applications/Xcode-beta.app/Contents/Developer/Platforms/MacOSX.platform/Developer/SDKs/MacOSX10.12.sdk/System/Library/Frameworks/AGL.framework/Headers",
					"/usr/local/Cellar/qt5/5.7.0/mkspecs/macx-clang");
				LIBRARY_SEARCH_PATHS = (
					"/System/Library/Frameworks/",
					"/Users/johndpope/Documents/gitWorkspace/pixelstruct/../../../../../../opt/local/lib/",
					"/../opt/local/lib/",
					"/usr/local/Cellar/qt5/5.7.0/lib");
				FRAMEWORK_SEARCH_PATHS = (
					"/usr/local/Cellar/qt5/5.7.0/lib",
					"/usr/local/Cellar/qt5/5.7.0/lib");
				OTHER_CFLAGS = (
					"-pipe",
					"-O2",
					"-Wall",
					"-W",
					"-fPIC",
					"-DQT_NO_DEBUG",
					"-DQT_OPENGL_LIB",
					"-DQT_WIDGETS_LIB",
					"-DQT_GUI_LIB",
					"-DQT_CORE_LIB");
				OTHER_CPLUSPLUSFLAGS = (
					"-pipe",
					"-stdlib=libc++",
					"-O2",
					"-std=gnu++11",
					"-Wall",
					"-W",
					"-fPIC",
					"-DQT_NO_DEBUG",
					"-DQT_OPENGL_LIB",
					"-DQT_WIDGETS_LIB",
					"-DQT_GUI_LIB",
					"-DQT_CORE_LIB");
				OTHER_LDFLAGS = (
						"-headerpad_max_install_names",
						"-stdlib=libc++",
						"-F",
						"/System/Library/Frameworks",
						"-F",
						"/System/Library/Frameworks/IOKit.framework",
						"-F",
						"/System/Library/Frameworks/CoreFoundation.framework",
						"-F/usr/local/Cellar/qt5/5.7.0/lib",
						"-L/Users/johndpope/Documents/gitWorkspace/pixelstruct/../../../../../../opt/local/lib/");
				ARCHS = "x86_64";
			};
			name = "Release";
		};
		6666AA5E688052234F6758D8 = {
			isa = XCBuildConfiguration;
			buildSettings = {
				COPY_PHASE_STRIP = "YES";
				ENABLE_BITCODE = "NO";
				GCC_GENERATE_DEBUGGING_SYMBOLS = "NO";
				PRODUCT_NAME = "pixelstruct";
				QT_LIBRARY_SUFFIX = "";
				SDKROOT = "macosx";
				PRODUCT_NAME = "pixelstruct";
			};
			name = "Release";
		};
		DAC4C1AA5EDEA1C85E9CA5E6 = {
			isa = XCConfigurationList;
			buildConfigurations = (
				"3AA6C32AC930069E80220CF1",
				"339EE1B2CC4FC24589A0EA95");
			defaultConfigurationIsVisible = 0;
			defaultConfigurationName = "Release";
		};
		6CC3B5D2136C7CD6A5CF5A59 = {
			isa = XCConfigurationList;
			buildConfigurations = (
				"77418F46922677BB04ED38DD",
				"6666AA5E688052234F6758D8");
			defaultConfigurationIsVisible = 0;
			defaultConfigurationName = "Release";
		};
		6DB9C3763D02B1415CD9D565 = {
			hasScannedForEncodings = 1;
			compatibilityVersion = "Xcode 3.2";
			isa = PBXProject;
			mainGroup = "E8C543AB96796ECAA2E65C57";
			productRefGroup = "FE0A091FDBFB3E9C31B7A1BD";
			buildConfigurationList = "DAC4C1AA5EDEA1C85E9CA5E6";
			projectDirPath = "";
			projectRoot = "";
			targets = (
				"BE97EB8105F13AE92AACFFE0",
				"4267DCFDD5C3244DD3593F6E");
			attributes = {
				TargetAttributes = {
				};
			};
		};
	};
	rootObject = "6DB9C3763D02B1415CD9D565";
}
